// !$*UTF8*$!
{
	archiveVersion = 1;
	classes = {
	};
	objectVersion = 50;
	objects = {

/* Begin PBXBuildFile section */
		CC73DD70212CA89000D9A541 /* AppDelegate.swift in Sources */ = {isa = PBXBuildFile; fileRef = CC73DD6F212CA89000D9A541 /* AppDelegate.swift */; };
		CC73DD72212CA89000D9A541 /* SearchViewController.swift in Sources */ = {isa = PBXBuildFile; fileRef = CC73DD71212CA89000D9A541 /* SearchViewController.swift */; };
		CC73DD75212CA89000D9A541 /* Main.storyboard in Resources */ = {isa = PBXBuildFile; fileRef = CC73DD73212CA89000D9A541 /* Main.storyboard */; };
		CC73DD77212CA89100D9A541 /* Assets.xcassets in Resources */ = {isa = PBXBuildFile; fileRef = CC73DD76212CA89100D9A541 /* Assets.xcassets */; };
		CC73DD82212D62B200D9A541 /* SearchResult.swift in Sources */ = {isa = PBXBuildFile; fileRef = CC73DD81212D62B200D9A541 /* SearchResult.swift */; };
		CC73DD84212D938A00D9A541 /* SearchResultCell.xib in Resources */ = {isa = PBXBuildFile; fileRef = CC73DD83212D938A00D9A541 /* SearchResultCell.xib */; };
		CC73DD86212D980D00D9A541 /* SearchResultCell.swift in Sources */ = {isa = PBXBuildFile; fileRef = CC73DD85212D980D00D9A541 /* SearchResultCell.swift */; };
		CC73DD88212D9A9A00D9A541 /* NothingFoundCell.xib in Resources */ = {isa = PBXBuildFile; fileRef = CC73DD87212D9A9A00D9A541 /* NothingFoundCell.xib */; };
		CC73DD8A212EED4E00D9A541 /* LoadingCell.xib in Resources */ = {isa = PBXBuildFile; fileRef = CC73DD89212EED4E00D9A541 /* LoadingCell.xib */; };
		CC73DD8C2133E83D00D9A541 /* UIImageView+DownloadImage.swift in Sources */ = {isa = PBXBuildFile; fileRef = CC73DD8B2133E83D00D9A541 /* UIImageView+DownloadImage.swift */; };
/* End PBXBuildFile section */

/* Begin PBXFileReference section */
		CC73DD6C212CA89000D9A541 /* StoreSearch.app */ = {isa = PBXFileReference; explicitFileType = wrapper.application; includeInIndex = 0; path = StoreSearch.app; sourceTree = BUILT_PRODUCTS_DIR; };
		CC73DD6F212CA89000D9A541 /* AppDelegate.swift */ = {isa = PBXFileReference; lastKnownFileType = sourcecode.swift; path = AppDelegate.swift; sourceTree = "<group>"; };
		CC73DD71212CA89000D9A541 /* SearchViewController.swift */ = {isa = PBXFileReference; lastKnownFileType = sourcecode.swift; path = SearchViewController.swift; sourceTree = "<group>"; };
		CC73DD74212CA89000D9A541 /* Base */ = {isa = PBXFileReference; lastKnownFileType = file.storyboard; name = Base; path = Base.lproj/Main.storyboard; sourceTree = "<group>"; };
		CC73DD76212CA89100D9A541 /* Assets.xcassets */ = {isa = PBXFileReference; lastKnownFileType = folder.assetcatalog; path = Assets.xcassets; sourceTree = "<group>"; };
		CC73DD7B212CA89200D9A541 /* Info.plist */ = {isa = PBXFileReference; lastKnownFileType = text.plist.xml; path = Info.plist; sourceTree = "<group>"; };
		CC73DD81212D62B200D9A541 /* SearchResult.swift */ = {isa = PBXFileReference; lastKnownFileType = sourcecode.swift; path = SearchResult.swift; sourceTree = "<group>"; };
		CC73DD83212D938A00D9A541 /* SearchResultCell.xib */ = {isa = PBXFileReference; lastKnownFileType = file.xib; path = SearchResultCell.xib; sourceTree = "<group>"; };
		CC73DD85212D980D00D9A541 /* SearchResultCell.swift */ = {isa = PBXFileReference; lastKnownFileType = sourcecode.swift; path = SearchResultCell.swift; sourceTree = "<group>"; };
		CC73DD87212D9A9A00D9A541 /* NothingFoundCell.xib */ = {isa = PBXFileReference; lastKnownFileType = file.xib; path = NothingFoundCell.xib; sourceTree = "<group>"; };
		CC73DD89212EED4E00D9A541 /* LoadingCell.xib */ = {isa = PBXFileReference; lastKnownFileType = file.xib; path = LoadingCell.xib; sourceTree = "<group>"; };
		CC73DD8B2133E83D00D9A541 /* UIImageView+DownloadImage.swift */ = {isa = PBXFileReference; lastKnownFileType = sourcecode.swift; path = "UIImageView+DownloadImage.swift"; sourceTree = "<group>"; };
/* End PBXFileReference section */

/* Begin PBXFrameworksBuildPhase section */
		CC73DD69212CA89000D9A541 /* Frameworks */ = {
			isa = PBXFrameworksBuildPhase;
			buildActionMask = 2147483647;
			files = (
			);
			runOnlyForDeploymentPostprocessing = 0;
		};
/* End PBXFrameworksBuildPhase section */

/* Begin PBXGroup section */
		CC73DD63212CA89000D9A541 = {
			isa = PBXGroup;
			children = (
				CC73DD6E212CA89000D9A541 /* StoreSearch */,
				CC73DD6D212CA89000D9A541 /* Products */,
			);
			sourceTree = "<group>";
		};
		CC73DD6D212CA89000D9A541 /* Products */ = {
			isa = PBXGroup;
			children = (
				CC73DD6C212CA89000D9A541 /* StoreSearch.app */,
			);
			name = Products;
			sourceTree = "<group>";
		};
		CC73DD6E212CA89000D9A541 /* StoreSearch */ = {
			isa = PBXGroup;
			children = (
				CC73DD6F212CA89000D9A541 /* AppDelegate.swift */,
				CC73DD71212CA89000D9A541 /* SearchViewController.swift */,
				CC73DD73212CA89000D9A541 /* Main.storyboard */,
				CC73DD76212CA89100D9A541 /* Assets.xcassets */,
				CC73DD7B212CA89200D9A541 /* Info.plist */,
				CC73DD81212D62B200D9A541 /* SearchResult.swift */,
				CC73DD85212D980D00D9A541 /* SearchResultCell.swift */,
				CC73DD83212D938A00D9A541 /* SearchResultCell.xib */,
				CC73DD87212D9A9A00D9A541 /* NothingFoundCell.xib */,
				CC73DD89212EED4E00D9A541 /* LoadingCell.xib */,
				CC73DD8B2133E83D00D9A541 /* UIImageView+DownloadImage.swift */,
			);
			path = StoreSearch;
			sourceTree = "<group>";
		};
/* End PBXGroup section */

/* Begin PBXNativeTarget section */
		CC73DD6B212CA89000D9A541 /* StoreSearch */ = {
			isa = PBXNativeTarget;
			buildConfigurationList = CC73DD7E212CA89200D9A541 /* Build configuration list for PBXNativeTarget "StoreSearch" */;
			buildPhases = (
				CC73DD68212CA89000D9A541 /* Sources */,
				CC73DD69212CA89000D9A541 /* Frameworks */,
				CC73DD6A212CA89000D9A541 /* Resources */,
			);
			buildRules = (
			);
			dependencies = (
			);
			name = StoreSearch;
			productName = StoreSearch;
			productReference = CC73DD6C212CA89000D9A541 /* StoreSearch.app */;
			productType = "com.apple.product-type.application";
		};
/* End PBXNativeTarget section */

/* Begin PBXProject section */
		CC73DD64212CA89000D9A541 /* Project object */ = {
			isa = PBXProject;
			attributes = {
				LastSwiftUpdateCheck = 0940;
				LastUpgradeCheck = 0940;
				ORGANIZATIONNAME = "Aurélien Schneberger";
				TargetAttributes = {
					CC73DD6B212CA89000D9A541 = {
						CreatedOnToolsVersion = 9.4.1;
					};
				};
			};
			buildConfigurationList = CC73DD67212CA89000D9A541 /* Build configuration list for PBXProject "StoreSearch" */;
			compatibilityVersion = "Xcode 9.3";
			developmentRegion = en;
			hasScannedForEncodings = 0;
			knownRegions = (
				en,
				Base,
			);
			mainGroup = CC73DD63212CA89000D9A541;
			productRefGroup = CC73DD6D212CA89000D9A541 /* Products */;
			projectDirPath = "";
			projectRoot = "";
			targets = (
				CC73DD6B212CA89000D9A541 /* StoreSearch */,
			);
		};
/* End PBXProject section */

/* Begin PBXResourcesBuildPhase section */
		CC73DD6A212CA89000D9A541 /* Resources */ = {
			isa = PBXResourcesBuildPhase;
			buildActionMask = 2147483647;
			files = (
				CC73DD77212CA89100D9A541 /* Assets.xcassets in Resources */,
				CC73DD8A212EED4E00D9A541 /* LoadingCell.xib in Resources */,
				CC73DD84212D938A00D9A541 /* SearchResultCell.xib in Resources */,
				CC73DD88212D9A9A00D9A541 /* NothingFoundCell.xib in Resources */,
				CC73DD75212CA89000D9A541 /* Main.storyboard in Resources */,
			);
			runOnlyForDeploymentPostprocessing = 0;
		};
/* End PBXResourcesBuildPhase section */

/* Begin PBXSourcesBuildPhase section */
		CC73DD68212CA89000D9A541 /* Sources */ = {
			isa = PBXSourcesBuildPhase;
			buildActionMask = 2147483647;
			files = (
				CC73DD72212CA89000D9A541 /* SearchViewController.swift in Sources */,
				CC73DD82212D62B200D9A541 /* SearchResult.swift in Sources */,
				CC73DD86212D980D00D9A541 /* SearchResultCell.swift in Sources */,
				CC73DD70212CA89000D9A541 /* AppDelegate.swift in Sources */,
				CC73DD8C2133E83D00D9A541 /* UIImageView+DownloadImage.swift in Sources */,
			);
			runOnlyForDeploymentPostprocessing = 0;
		};
/* End PBXSourcesBuildPhase section */

/* Begin PBXVariantGroup section */
		CC73DD73212CA89000D9A541 /* Main.storyboard */ = {
			isa = PBXVariantGroup;
			children = (
				CC73DD74212CA89000D9A541 /* Base */,
			);
			name = Main.storyboard;
			sourceTree = "<group>";
		};
/* End PBXVariantGroup section */

/* Begin XCBuildConfiguration section */
		CC73DD7C212CA89200D9A541 /* Debug */ = {
			isa = XCBuildConfiguration;
			buildSettings = {
				ALWAYS_SEARCH_USER_PATHS = NO;
				CLANG_ANALYZER_NONNULL = YES;
				CLANG_ANALYZER_NUMBER_OBJECT_CONVERSION = YES_AGGRESSIVE;
				CLANG_CXX_LANGUAGE_STANDARD = "gnu++14";
				CLANG_CXX_LIBRARY = "libc++";
				CLANG_ENABLE_MODULES = YES;
				CLANG_ENABLE_OBJC_ARC = YES;
				CLANG_ENABLE_OBJC_WEAK = YES;
				CLANG_WARN_BLOCK_CAPTURE_AUTORELEASING = YES;
				CLANG_WARN_BOOL_CONVERSION = YES;
				CLANG_WARN_COMMA = YES;
				CLANG_WARN_CONSTANT_CONVERSION = YES;
				CLANG_WARN_DEPRECATED_OBJC_IMPLEMENTATIONS = YES;
				CLANG_WARN_DIRECT_OBJC_ISA_USAGE = YES_ERROR;
				CLANG_WARN_DOCUMENTATION_COMMENTS = YES;
				CLANG_WARN_EMPTY_BODY = YES;
				CLANG_WARN_ENUM_CONVERSION = YES;
				CLANG_WARN_INFINITE_RECURSION = YES;
				CLANG_WARN_INT_CONVERSION = YES;
				CLANG_WARN_NON_LITERAL_NULL_CONVERSION = YES;
				CLANG_WARN_OBJC_IMPLICIT_RETAIN_SELF = YES;
				CLANG_WARN_OBJC_LITERAL_CONVERSION = YES;
				CLANG_WARN_OBJC_ROOT_CLASS = YES_ERROR;
				CLANG_WARN_RANGE_LOOP_ANALYSIS = YES;
				CLANG_WARN_STRICT_PROTOTYPES = YES;
				CLANG_WARN_SUSPICIOUS_MOVE = YES;
				CLANG_WARN_UNGUARDED_AVAILABILITY = YES_AGGRESSIVE;
				CLANG_WARN_UNREACHABLE_CODE = YES;
				CLANG_WARN__DUPLICATE_METHOD_MATCH = YES;
				CODE_SIGN_IDENTITY = "iPhone Developer";
				COPY_PHASE_STRIP = NO;
				DEBUG_INFORMATION_FORMAT = dwarf;
				ENABLE_STRICT_OBJC_MSGSEND = YES;
				ENABLE_TESTABILITY = YES;
				GCC_C_LANGUAGE_STANDARD = gnu11;
				GCC_DYNAMIC_NO_PIC = NO;
				GCC_NO_COMMON_BLOCKS = YES;
				GCC_OPTIMIZATION_LEVEL = 0;
				GCC_PREPROCESSOR_DEFINITIONS = (
					"DEBUG=1",
					"$(inherited)",
				);
				GCC_WARN_64_TO_32_BIT_CONVERSION = YES;
				GCC_WARN_ABOUT_RETURN_TYPE = YES_ERROR;
				GCC_WARN_UNDECLARED_SELECTOR = YES;
				GCC_WARN_UNINITIALIZED_AUTOS = YES_AGGRESSIVE;
				GCC_WARN_UNUSED_FUNCTION = YES;
				GCC_WARN_UNUSED_VARIABLE = YES;
				IPHONEOS_DEPLOYMENT_TARGET = 11.4;
				MTL_ENABLE_DEBUG_INFO = YES;
				ONLY_ACTIVE_ARCH = YES;
				SDKROOT = iphoneos;
				SWIFT_ACTIVE_COMPILATION_CONDITIONS = DEBUG;
				SWIFT_OPTIMIZATION_LEVEL = "-Onone";
			};
			name = Debug;
		};
		CC73DD7D212CA89200D9A541 /* Release */ = {
			isa = XCBuildConfiguration;
			buildSettings = {
				ALWAYS_SEARCH_USER_PATHS = NO;
				CLANG_ANALYZER_NONNULL = YES;
				CLANG_ANALYZER_NUMBER_OBJECT_CONVERSION = YES_AGGRESSIVE;
				CLANG_CXX_LANGUAGE_STANDARD = "gnu++14";
				CLANG_CXX_LIBRARY = "libc++";
				CLANG_ENABLE_MODULES = YES;
				CLANG_ENABLE_OBJC_ARC = YES;
				CLANG_ENABLE_OBJC_WEAK = YES;
				CLANG_WARN_BLOCK_CAPTURE_AUTORELEASING = YES;
				CLANG_WARN_BOOL_CONVERSION = YES;
				CLANG_WARN_COMMA = YES;
				CLANG_WARN_CONSTANT_CONVERSION = YES;
				CLANG_WARN_DEPRECATED_OBJC_IMPLEMENTATIONS = YES;
				CLANG_WARN_DIRECT_OBJC_ISA_USAGE = YES_ERROR;
				CLANG_WARN_DOCUMENTATION_COMMENTS = YES;
				CLANG_WARN_EMPTY_BODY = YES;
				CLANG_WARN_ENUM_CONVERSION = YES;
				CLANG_WARN_INFINITE_RECURSION = YES;
				CLANG_WARN_INT_CONVERSION = YES;
				CLANG_WARN_NON_LITERAL_NULL_CONVERSION = YES;
				CLANG_WARN_OBJC_IMPLICIT_RETAIN_SELF = YES;
				CLANG_WARN_OBJC_LITERAL_CONVERSION = YES;
				CLANG_WARN_OBJC_ROOT_CLASS = YES_ERROR;
				CLANG_WARN_RANGE_LOOP_ANALYSIS = YES;
				CLANG_WARN_STRICT_PROTOTYPES = YES;
				CLANG_WARN_SUSPICIOUS_MOVE = YES;
				CLANG_WARN_UNGUARDED_AVAILABILITY = YES_AGGRESSIVE;
				CLANG_WARN_UNREACHABLE_CODE = YES;
				CLANG_WARN__DUPLICATE_METHOD_MATCH = YES;
				CODE_SIGN_IDENTITY = "iPhone Developer";
				COPY_PHASE_STRIP = NO;
				DEBUG_INFORMATION_FORMAT = "dwarf-with-dsym";
				ENABLE_NS_ASSERTIONS = NO;
				ENABLE_STRICT_OBJC_MSGSEND = YES;
				GCC_C_LANGUAGE_STANDARD = gnu11;
				GCC_NO_COMMON_BLOCKS = YES;
				GCC_WARN_64_TO_32_BIT_CONVERSION = YES;
				GCC_WARN_ABOUT_RETURN_TYPE = YES_ERROR;
				GCC_WARN_UNDECLARED_SELECTOR = YES;
				GCC_WARN_UNINITIALIZED_AUTOS = YES_AGGRESSIVE;
				GCC_WARN_UNUSED_FUNCTION = YES;
				GCC_WARN_UNUSED_VARIABLE = YES;
				IPHONEOS_DEPLOYMENT_TARGET = 11.4;
				MTL_ENABLE_DEBUG_INFO = NO;
				SDKROOT = iphoneos;
				SWIFT_COMPILATION_MODE = wholemodule;
				SWIFT_OPTIMIZATION_LEVEL = "-O";
				VALIDATE_PRODUCT = YES;
			};
			name = Release;
		};
		CC73DD7F212CA89200D9A541 /* Debug */ = {
			isa = XCBuildConfiguration;
			buildSettings = {
				ASSETCATALOG_COMPILER_APPICON_NAME = AppIcon;
				CODE_SIGN_STYLE = Automatic;
				DEVELOPMENT_TEAM = 2D58FPV5DZ;
				INFOPLIST_FILE = StoreSearch/Info.plist;
				LD_RUNPATH_SEARCH_PATHS = (
					"$(inherited)",
					"@executable_path/Frameworks",
				);
				PRODUCT_BUNDLE_IDENTIFIER = com.yenyen.StoreSearch;
				PRODUCT_NAME = "$(TARGET_NAME)";
				SWIFT_VERSION = 4.0;
				TARGETED_DEVICE_FAMILY = "1,2";
			};
			name = Debug;
		};
		CC73DD80212CA89200D9A541 /* Release */ = {
			isa = XCBuildConfiguration;
			buildSettings = {
				ASSETCATALOG_COMPILER_APPICON_NAME = AppIcon;
				CODE_SIGN_STYLE = Automatic;
				DEVELOPMENT_TEAM = 2D58FPV5DZ;
				INFOPLIST_FILE = StoreSearch/Info.plist;
				LD_RUNPATH_SEARCH_PATHS = (
					"$(inherited)",
					"@executable_path/Frameworks",
				);
				PRODUCT_BUNDLE_IDENTIFIER = com.yenyen.StoreSearch;
				PRODUCT_NAME = "$(TARGET_NAME)";
				SWIFT_VERSION = 4.0;
				TARGETED_DEVICE_FAMILY = "1,2";
			};
			name = Release;
		};
/* End XCBuildConfiguration section */

/* Begin XCConfigurationList section */
		CC73DD67212CA89000D9A541 /* Build configuration list for PBXProject "StoreSearch" */ = {
			isa = XCConfigurationList;
			buildConfigurations = (
				CC73DD7C212CA89200D9A541 /* Debug */,
				CC73DD7D212CA89200D9A541 /* Release */,
			);
			defaultConfigurationIsVisible = 0;
			defaultConfigurationName = Release;
		};
		CC73DD7E212CA89200D9A541 /* Build configuration list for PBXNativeTarget "StoreSearch" */ = {
			isa = XCConfigurationList;
			buildConfigurations = (
				CC73DD7F212CA89200D9A541 /* Debug */,
				CC73DD80212CA89200D9A541 /* Release */,
			);
			defaultConfigurationIsVisible = 0;
			defaultConfigurationName = Release;
		};
/* End XCConfigurationList section */
	};
	rootObject = CC73DD64212CA89000D9A541 /* Project object */;
}
